
Microsoft Visual Studio Solution File, Format Version 12.00
# Visual Studio Version 16
VisualStudioVersion = 16.0.31019.35
MinimumVisualStudioVersion = 10.0.40219.1
Project("{FAE04EC0-301F-11D3-BF4B-00C04F79EFBC}") = "githubTest", "githubTest.csproj", "{FDD1A6CC-3E7D-47D7-91F3-F96752694E59}"
EndProject
Global
	GlobalSection(SolutionConfigurationPlatforms) = preSolution
		Debug|Any CPU = Debug|Any CPU
		Release|Any CPU = Release|Any CPU
	EndGlobalSection
	GlobalSection(ProjectConfigurationPlatforms) = postSolution
		{FDD1A6CC-3E7D-47D7-91F3-F96752694E59}.Debug|Any CPU.ActiveCfg = Debug|Any CPU
		{FDD1A6CC-3E7D-47D7-91F3-F96752694E59}.Debug|Any CPU.Build.0 = Debug|Any CPU
		{FDD1A6CC-3E7D-47D7-91F3-F96752694E59}.Release|Any CPU.ActiveCfg = Release|Any CPU
		{FDD1A6CC-3E7D-47D7-91F3-F96752694E59}.Release|Any CPU.Build.0 = Release|Any CPU
	EndGlobalSection
	GlobalSection(SolutionProperties) = preSolution
		HideSolutionNode = FALSE
	EndGlobalSection
	GlobalSection(ExtensibilityGlobals) = postSolution
		SolutionGuid = {90560317-87E7-44D7-A503-2D9EDFF28993}
	EndGlobalSection
EndGlobal
